// !$*UTF8*$!
{
	archiveVersion = 1;
	classes = {
	};
	objectVersion = 46;
	objects = {

/* Begin PBXBuildFile section */
		79F731FA14D767BC00B38030 /* UIKit.framework in Frameworks */ = {isa = PBXBuildFile; fileRef = 79F731F914D767BC00B38030 /* UIKit.framework */; };
		79F731FC14D767BC00B38030 /* Foundation.framework in Frameworks */ = {isa = PBXBuildFile; fileRef = 79F731FB14D767BC00B38030 /* Foundation.framework */; };
		79F731FE14D767BC00B38030 /* CoreGraphics.framework in Frameworks */ = {isa = PBXBuildFile; fileRef = 79F731FD14D767BC00B38030 /* CoreGraphics.framework */; };
		79F7320414D767BC00B38030 /* InfoPlist.strings in Resources */ = {isa = PBXBuildFile; fileRef = 79F7320214D767BC00B38030 /* InfoPlist.strings */; };
		79F7320614D767BD00B38030 /* main.m in Sources */ = {isa = PBXBuildFile; fileRef = 79F7320514D767BC00B38030 /* main.m */; };
		79F7320A14D767BD00B38030 /* WebTouchAppDelegate.m in Sources */ = {isa = PBXBuildFile; fileRef = 79F7320914D767BD00B38030 /* WebTouchAppDelegate.m */; };
		79F7320D14D767BD00B38030 /* MainStoryboard_iPhone.storyboard in Resources */ = {isa = PBXBuildFile; fileRef = 79F7320B14D767BD00B38030 /* MainStoryboard_iPhone.storyboard */; };
		79F7321014D767BD00B38030 /* MainStoryboard_iPad.storyboard in Resources */ = {isa = PBXBuildFile; fileRef = 79F7320E14D767BD00B38030 /* MainStoryboard_iPad.storyboard */; };
		79F7321314D767BD00B38030 /* WebTouchViewController.m in Sources */ = {isa = PBXBuildFile; fileRef = 79F7321214D767BD00B38030 /* WebTouchViewController.m */; };
/* End PBXBuildFile section */

/* Begin PBXFileReference section */
		79F731F514D767BC00B38030 /* WebTouch.app */ = {isa = PBXFileReference; explicitFileType = wrapper.application; includeInIndex = 0; path = WebTouch.app; sourceTree = BUILT_PRODUCTS_DIR; };
		79F731F914D767BC00B38030 /* UIKit.framework */ = {isa = PBXFileReference; lastKnownFileType = wrapper.framework; name = UIKit.framework; path = System/Library/Frameworks/UIKit.framework; sourceTree = SDKROOT; };
		79F731FB14D767BC00B38030 /* Foundation.framework */ = {isa = PBXFileReference; lastKnownFileType = wrapper.framework; name = Foundation.framework; path = System/Library/Frameworks/Foundation.framework; sourceTree = SDKROOT; };
		79F731FD14D767BC00B38030 /* CoreGraphics.framework */ = {isa = PBXFileReference; lastKnownFileType = wrapper.framework; name = CoreGraphics.framework; path = System/Library/Frameworks/CoreGraphics.framework; sourceTree = SDKROOT; };
		79F7320114D767BC00B38030 /* WebTouch-Info.plist */ = {isa = PBXFileReference; path = "WebTouch-Info.plist"; sourceTree = "<group>"; };
		79F7320314D767BC00B38030 /* en */ = {isa = PBXFileReference; lastKnownFileType = text.plist.strings; name = en; path = en.lproj/InfoPlist.strings; sourceTree = "<group>"; };
		79F7320514D767BC00B38030 /* main.m */ = {isa = PBXFileReference; lastKnownFileType = sourcecode.c.objc; path = main.m; sourceTree = "<group>"; };
		79F7320714D767BD00B38030 /* WebTouch-Prefix.pch */ = {isa = PBXFileReference; path = "WebTouch-Prefix.pch"; sourceTree = "<group>"; };
		79F7320814D767BD00B38030 /* WebTouchAppDelegate.h */ = {isa = PBXFileReference; path = WebTouchAppDelegate.h; sourceTree = "<group>"; };
		79F7320914D767BD00B38030 /* WebTouchAppDelegate.m */ = {isa = PBXFileReference; lastKnownFileType = sourcecode.c.objc; path = WebTouchAppDelegate.m; sourceTree = "<group>"; };
		79F7320C14D767BD00B38030 /* en */ = {isa = PBXFileReference; lastKnownFileType = file.storyboard; name = en; path = en.lproj/MainStoryboard_iPhone.storyboard; sourceTree = "<group>"; };
		79F7320F14D767BD00B38030 /* en */ = {isa = PBXFileReference; lastKnownFileType = file.storyboard; name = en; path = en.lproj/MainStoryboard_iPad.storyboard; sourceTree = "<group>"; };
		79F7321114D767BD00B38030 /* WebTouchViewController.h */ = {isa = PBXFileReference; path = WebTouchViewController.h; sourceTree = "<group>"; };
		79F7321214D767BD00B38030 /* WebTouchViewController.m */ = {isa = PBXFileReference; lastKnownFileType = sourcecode.c.objc; path = WebTouchViewController.m; sourceTree = "<group>"; };
/* End PBXFileReference section */

/* Begin PBXFrameworksBuildPhase section */
		79F731F214D767BC00B38030 /* Frameworks */ = {
			isa = PBXFrameworksBuildPhase;
			buildActionMask = 2147483647;
			files = (
				79F731FA14D767BC00B38030 /* UIKit.framework in Frameworks */,
				79F731FC14D767BC00B38030 /* Foundation.framework in Frameworks */,
				79F731FE14D767BC00B38030 /* CoreGraphics.framework in Frameworks */,
			);
			runOnlyForDeploymentPostprocessing = 0;
		};
/* End PBXFrameworksBuildPhase section */

/* Begin PBXGroup section */
		79F731EA14D767BC00B38030 = {
			isa = PBXGroup;
			children = (
				79F731FF14D767BC00B38030 /* WebTouch */,
				79F731F814D767BC00B38030 /* Frameworks */,
				79F731F614D767BC00B38030 /* Products */,
			);
			sourceTree = "<group>";
		};
		79F731F614D767BC00B38030 /* Products */ = {
			isa = PBXGroup;
			children = (
				79F731F514D767BC00B38030 /* WebTouch.app */,
			);
			name = Products;
			sourceTree = "<group>";
		};
		79F731F814D767BC00B38030 /* Frameworks */ = {
			isa = PBXGroup;
			children = (
				79F731F914D767BC00B38030 /* UIKit.framework */,
				79F731FB14D767BC00B38030 /* Foundation.framework */,
				79F731FD14D767BC00B38030 /* CoreGraphics.framework */,
			);
			name = Frameworks;
			sourceTree = "<group>";
		};
		79F731FF14D767BC00B38030 /* WebTouch */ = {
			isa = PBXGroup;
			children = (
				79F7320814D767BD00B38030 /* WebTouchAppDelegate.h */,
				79F7320914D767BD00B38030 /* WebTouchAppDelegate.m */,
				79F7320B14D767BD00B38030 /* MainStoryboard_iPhone.storyboard */,
				79F7320E14D767BD00B38030 /* MainStoryboard_iPad.storyboard */,
				79F7321114D767BD00B38030 /* WebTouchViewController.h */,
				79F7321214D767BD00B38030 /* WebTouchViewController.m */,
				79F7320014D767BC00B38030 /* Supporting Files */,
			);
			path = WebTouch;
			sourceTree = "<group>";
		};
		79F7320014D767BC00B38030 /* Supporting Files */ = {
			isa = PBXGroup;
			children = (
				79F7320114D767BC00B38030 /* WebTouch-Info.plist */,
				79F7320214D767BC00B38030 /* InfoPlist.strings */,
				79F7320514D767BC00B38030 /* main.m */,
				79F7320714D767BD00B38030 /* WebTouch-Prefix.pch */,
			);
			name = "Supporting Files";
			sourceTree = "<group>";
		};
/* End PBXGroup section */

/* Begin PBXNativeTarget section */
		79F731F414D767BC00B38030 /* WebTouch */ = {
			isa = PBXNativeTarget;
			buildConfigurationList = 79F7321614D767BD00B38030 /* Build configuration list for PBXNativeTarget "WebTouch" */;
			buildPhases = (
				79F731F114D767BC00B38030 /* Sources */,
				79F731F214D767BC00B38030 /* Frameworks */,
				79F731F314D767BC00B38030 /* Resources */,
			);
			buildRules = (
			);
			dependencies = (
			);
			name = WebTouch;
			productName = WebTouch;
			productReference = 79F731F514D767BC00B38030 /* WebTouch.app */;
			productType = "com.apple.product-type.application";
		};
/* End PBXNativeTarget section */

/* Begin PBXProject section */
		79F731EC14D767BC00B38030 /* Project object */ = {
			isa = PBXProject;
			attributes = {
				LastUpgradeCheck = 0420;
			};
			buildConfigurationList = 79F731EF14D767BC00B38030 /* Build configuration list for PBXProject "WebTouch" */;
			compatibilityVersion = "Xcode 3.2";
			developmentRegion = English;
			hasScannedForEncodings = 0;
			knownRegions = (
				en,
			);
			mainGroup = 79F731EA14D767BC00B38030;
			productRefGroup = 79F731F614D767BC00B38030 /* Products */;
			projectDirPath = "";
			projectRoot = "";
			targets = (
				79F731F414D767BC00B38030 /* WebTouch */,
			);
		};
/* End PBXProject section */

/* Begin PBXResourcesBuildPhase section */
		79F731F314D767BC00B38030 /* Resources */ = {
			isa = PBXResourcesBuildPhase;
			buildActionMask = 2147483647;
			files = (
				79F7320414D767BC00B38030 /* InfoPlist.strings in Resources */,
				79F7320D14D767BD00B38030 /* MainStoryboard_iPhone.storyboard in Resources */,
				79F7321014D767BD00B38030 /* MainStoryboard_iPad.storyboard in Resources */,
			);
			runOnlyForDeploymentPostprocessing = 0;
		};
/* End PBXResourcesBuildPhase section */

/* Begin PBXSourcesBuildPhase section */
		79F731F114D767BC00B38030 /* Sources */ = {
			isa = PBXSourcesBuildPhase;
			buildActionMask = 2147483647;
			files = (
				79F7320614D767BD00B38030 /* main.m in Sources */,
				79F7320A14D767BD00B38030 /* WebTouchAppDelegate.m in Sources */,
				79F7321314D767BD00B38030 /* WebTouchViewController.m in Sources */,
			);
			runOnlyForDeploymentPostprocessing = 0;
		};
/* End PBXSourcesBuildPhase section */

/* Begin PBXVariantGroup section */
		79F7320214D767BC00B38030 /* InfoPlist.strings */ = {
			isa = PBXVariantGroup;
			children = (
				79F7320314D767BC00B38030 /* en */,
			);
			name = InfoPlist.strings;
			sourceTree = "<group>";
		};
		79F7320B14D767BD00B38030 /* MainStoryboard_iPhone.storyboard */ = {
			isa = PBXVariantGroup;
			children = (
				79F7320C14D767BD00B38030 /* en */,
			);
			name = MainStoryboard_iPhone.storyboard;
			sourceTree = "<group>";
		};
		79F7320E14D767BD00B38030 /* MainStoryboard_iPad.storyboard */ = {
			isa = PBXVariantGroup;
			children = (
				79F7320F14D767BD00B38030 /* en */,
			);
			name = MainStoryboard_iPad.storyboard;
			sourceTree = "<group>";
		};
/* End PBXVariantGroup section */

/* Begin XCBuildConfiguration section */
		79F7321414D767BD00B38030 /* Debug */ = {
			isa = XCBuildConfiguration;
			buildSettings = {
				ALWAYS_SEARCH_USER_PATHS = NO;
				ARCHS = "$(ARCHS_STANDARD_32_BIT)";
				CLANG_ENABLE_OBJC_ARC = YES;
				"CODE_SIGN_IDENTITY[sdk=iphoneos*]" = "iPhone Developer";
				COPY_PHASE_STRIP = NO;
				GCC_C_LANGUAGE_STANDARD = gnu99;
				GCC_DYNAMIC_NO_PIC = NO;
				GCC_OPTIMIZATION_LEVEL = 0;
				GCC_PREPROCESSOR_DEFINITIONS = (
					"DEBUG=1",
					"$(inherited)",
				);
				GCC_SYMBOLS_PRIVATE_EXTERN = NO;
				GCC_VERSION = com.apple.compilers.llvm.clang.1_0;
				GCC_WARN_ABOUT_MISSING_PROTOTYPES = YES;
				GCC_WARN_ABOUT_RETURN_TYPE = YES;
				GCC_WARN_UNUSED_VARIABLE = YES;
				IPHONEOS_DEPLOYMENT_TARGET = 5.0;
				SDKROOT = iphoneos;
				TARGETED_DEVICE_FAMILY = "1,2";
			};
			name = Debug;
		};
		79F7321514D767BD00B38030 /* Release */ = {
			isa = XCBuildConfiguration;
			buildSettings = {
				ALWAYS_SEARCH_USER_PATHS = NO;
				ARCHS = "$(ARCHS_STANDARD_32_BIT)";
				CLANG_ENABLE_OBJC_ARC = YES;
				"CODE_SIGN_IDENTITY[sdk=iphoneos*]" = "iPhone Developer";
				COPY_PHASE_STRIP = YES;
				GCC_C_LANGUAGE_STANDARD = gnu99;
				GCC_VERSION = com.apple.compilers.llvm.clang.1_0;
				GCC_WARN_ABOUT_MISSING_PROTOTYPES = YES;
				GCC_WARN_ABOUT_RETURN_TYPE = YES;
				GCC_WARN_UNUSED_VARIABLE = YES;
				IPHONEOS_DEPLOYMENT_TARGET = 5.0;
				OTHER_CFLAGS = "-DNS_BLOCK_ASSERTIONS=1";
				SDKROOT = iphoneos;
				TARGETED_DEVICE_FAMILY = "1,2";
				VALIDATE_PRODUCT = YES;
			};
			name = Release;
		};
		79F7321714D767BD00B38030 /* Debug */ = {
			isa = XCBuildConfiguration;
			buildSettings = {
				GCC_PRECOMPILE_PREFIX_HEADER = YES;
				GCC_PREFIX_HEADER = "WebTouch/WebTouch-Prefix.pch";
				INFOPLIST_FILE = "WebTouch/WebTouch-Info.plist";
				PRODUCT_NAME = "$(TARGET_NAME)";
				WRAPPER_EXTENSION = app;
			};
			name = Debug;
		};
		79F7321814D767BD00B38030 /* Release */ = {
			isa = XCBuildConfiguration;
			buildSettings = {
				GCC_PRECOMPILE_PREFIX_HEADER = YES;
				GCC_PREFIX_HEADER = "WebTouch/WebTouch-Prefix.pch";
				INFOPLIST_FILE = "WebTouch/WebTouch-Info.plist";
				PRODUCT_NAME = "$(TARGET_NAME)";
				WRAPPER_EXTENSION = app;
			};
			name = Release;
		};
/* End XCBuildConfiguration section */

/* Begin XCConfigurationList section */
		79F731EF14D767BC00B38030 /* Build configuration list for PBXProject "WebTouch" */ = {
			isa = XCConfigurationList;
			buildConfigurations = (
				79F7321414D767BD00B38030 /* Debug */,
				79F7321514D767BD00B38030 /* Release */,
			);
			defaultConfigurationIsVisible = 0;
			defaultConfigurationName = Release;
		};
		79F7321614D767BD00B38030 /* Build configuration list for PBXNativeTarget "WebTouch" */ = {
			isa = XCConfigurationList;
			buildConfigurations = (
				79F7321714D767BD00B38030 /* Debug */,
				79F7321814D767BD00B38030 /* Release */,
			);
			defaultConfigurationIsVisible = 0;
		};
/* End XCConfigurationList section */
	};
	rootObject = 79F731EC14D767BC00B38030 /* Project object */;
}
